
Microsoft Visual Studio Solution File, Format Version 12.00
# Visual Studio 14
VisualStudioVersion = 14.0.24720.0
MinimumVisualStudioVersion = 10.0.40219.1
Project("{FAE04EC0-301F-11D3-BF4B-00C04F79EFBC}") = "BezyFB", "BezyFB\BezyFB.csproj", "{01B751CD-0A24-4CA7-803F-714F8EDFE81B}"
EndProject
Project("{2150E333-8FDC-42A3-9474-1A3956D46DE8}") = ".nuget", ".nuget", "{BE97ABB2-3062-427A-8916-E2F2F5B00FDC}"
	ProjectSection(SolutionItems) = preProject
		.nuget\NuGet.Config = .nuget\NuGet.Config
		.nuget\NuGet.exe = .nuget\NuGet.exe
		.nuget\NuGet.targets = .nuget\NuGet.targets
	EndProjectSection
EndProject
Project("{FAE04EC0-301F-11D3-BF4B-00C04F79EFBC}") = "BezyFreebTest", "BezyFreebTest\BezyFreebTest.csproj", "{1ADE398B-9E63-4C0A-89EB-14137DD2C920}"
EndProject
Project("{FAE04EC0-301F-11D3-BF4B-00C04F79EFBC}") = "BezyFB_UWP", "BezyFB_UWP\BezyFB_UWP.csproj", "{9493A568-AA42-4ED2-8B11-A772A091D188}"
EndProject
Project("{FAE04EC0-301F-11D3-BF4B-00C04F79EFBC}") = "FreeboxLib", "FreeboxLib\FreeboxLib.csproj", "{248AF8EB-0449-4FCF-9B57-DD543B196761}"
EndProject
Project("{FAE04EC0-301F-11D3-BF4B-00C04F79EFBC}") = "CommonLib", "CommonLib\CommonLib.csproj", "{7B587D62-0A0E-4436-A8E1-DDD2D36B9C83}"
EndProject
Project("{FAE04EC0-301F-11D3-BF4B-00C04F79EFBC}") = "FreeboxPortableLib", "FreeboxPortableLib\FreeboxPortableLib.csproj", "{E45155C4-5E1F-40E3-B054-8142BA7EAEFB}"
EndProject
Project("{FAE04EC0-301F-11D3-BF4B-00C04F79EFBC}") = "CommonPortableLib", "CommonPortableLib\CommonPortableLib.csproj", "{78BF2EA6-7F31-44F8-92AF-3D37DA9F8CE9}"
EndProject
Global
	GlobalSection(SolutionConfigurationPlatforms) = preSolution
		Debug|Any CPU = Debug|Any CPU
		Debug|ARM = Debug|ARM
		Debug|x64 = Debug|x64
		Debug|x86 = Debug|x86
		Release|Any CPU = Release|Any CPU
		Release|ARM = Release|ARM
		Release|x64 = Release|x64
		Release|x86 = Release|x86
	EndGlobalSection
	GlobalSection(ProjectConfigurationPlatforms) = postSolution
		{01B751CD-0A24-4CA7-803F-714F8EDFE81B}.Debug|Any CPU.ActiveCfg = Debug|Any CPU
		{01B751CD-0A24-4CA7-803F-714F8EDFE81B}.Debug|Any CPU.Build.0 = Debug|Any CPU
		{01B751CD-0A24-4CA7-803F-714F8EDFE81B}.Debug|ARM.ActiveCfg = Debug|Any CPU
		{01B751CD-0A24-4CA7-803F-714F8EDFE81B}.Debug|ARM.Build.0 = Debug|Any CPU
		{01B751CD-0A24-4CA7-803F-714F8EDFE81B}.Debug|x64.ActiveCfg = Debug|x64
		{01B751CD-0A24-4CA7-803F-714F8EDFE81B}.Debug|x64.Build.0 = Debug|x64
		{01B751CD-0A24-4CA7-803F-714F8EDFE81B}.Debug|x86.ActiveCfg = Debug|x86
		{01B751CD-0A24-4CA7-803F-714F8EDFE81B}.Debug|x86.Build.0 = Debug|x86
		{01B751CD-0A24-4CA7-803F-714F8EDFE81B}.Release|Any CPU.ActiveCfg = Release|Any CPU
		{01B751CD-0A24-4CA7-803F-714F8EDFE81B}.Release|Any CPU.Build.0 = Release|Any CPU
		{01B751CD-0A24-4CA7-803F-714F8EDFE81B}.Release|ARM.ActiveCfg = Release|Any CPU
		{01B751CD-0A24-4CA7-803F-714F8EDFE81B}.Release|ARM.Build.0 = Release|Any CPU
		{01B751CD-0A24-4CA7-803F-714F8EDFE81B}.Release|x64.ActiveCfg = Release|x64
		{01B751CD-0A24-4CA7-803F-714F8EDFE81B}.Release|x64.Build.0 = Release|x64
		{01B751CD-0A24-4CA7-803F-714F8EDFE81B}.Release|x86.ActiveCfg = Release|x86
		{01B751CD-0A24-4CA7-803F-714F8EDFE81B}.Release|x86.Build.0 = Release|x86
		{1ADE398B-9E63-4C0A-89EB-14137DD2C920}.Debug|Any CPU.ActiveCfg = Debug|Any CPU
		{1ADE398B-9E63-4C0A-89EB-14137DD2C920}.Debug|Any CPU.Build.0 = Debug|Any CPU
		{1ADE398B-9E63-4C0A-89EB-14137DD2C920}.Debug|ARM.ActiveCfg = Debug|Any CPU
		{1ADE398B-9E63-4C0A-89EB-14137DD2C920}.Debug|ARM.Build.0 = Debug|Any CPU
		{1ADE398B-9E63-4C0A-89EB-14137DD2C920}.Debug|x64.ActiveCfg = Debug|Any CPU
		{1ADE398B-9E63-4C0A-89EB-14137DD2C920}.Debug|x86.ActiveCfg = Debug|Any CPU
		{1ADE398B-9E63-4C0A-89EB-14137DD2C920}.Release|Any CPU.ActiveCfg = Release|Any CPU
		{1ADE398B-9E63-4C0A-89EB-14137DD2C920}.Release|Any CPU.Build.0 = Release|Any CPU
		{1ADE398B-9E63-4C0A-89EB-14137DD2C920}.Release|ARM.ActiveCfg = Release|Any CPU
		{1ADE398B-9E63-4C0A-89EB-14137DD2C920}.Release|ARM.Build.0 = Release|Any CPU
		{1ADE398B-9E63-4C0A-89EB-14137DD2C920}.Release|x64.ActiveCfg = Release|Any CPU
		{1ADE398B-9E63-4C0A-89EB-14137DD2C920}.Release|x86.ActiveCfg = Release|Any CPU
		{9493A568-AA42-4ED2-8B11-A772A091D188}.Debug|Any CPU.ActiveCfg = Debug|x86
		{9493A568-AA42-4ED2-8B11-A772A091D188}.Debug|Any CPU.Build.0 = Debug|x86
		{9493A568-AA42-4ED2-8B11-A772A091D188}.Debug|Any CPU.Deploy.0 = Debug|x86
		{9493A568-AA42-4ED2-8B11-A772A091D188}.Debug|ARM.ActiveCfg = Debug|ARM
		{9493A568-AA42-4ED2-8B11-A772A091D188}.Debug|ARM.Build.0 = Debug|ARM
		{9493A568-AA42-4ED2-8B11-A772A091D188}.Debug|ARM.Deploy.0 = Debug|ARM
		{9493A568-AA42-4ED2-8B11-A772A091D188}.Debug|x64.ActiveCfg = Debug|x64
		{9493A568-AA42-4ED2-8B11-A772A091D188}.Debug|x64.Build.0 = Debug|x64
		{9493A568-AA42-4ED2-8B11-A772A091D188}.Debug|x64.Deploy.0 = Debug|x64
		{9493A568-AA42-4ED2-8B11-A772A091D188}.Debug|x86.ActiveCfg = Debug|x86
		{9493A568-AA42-4ED2-8B11-A772A091D188}.Debug|x86.Build.0 = Debug|x86
		{9493A568-AA42-4ED2-8B11-A772A091D188}.Debug|x86.Deploy.0 = Debug|x86
		{9493A568-AA42-4ED2-8B11-A772A091D188}.Release|Any CPU.ActiveCfg = Release|x86
		{9493A568-AA42-4ED2-8B11-A772A091D188}.Release|Any CPU.Build.0 = Release|x86
		{9493A568-AA42-4ED2-8B11-A772A091D188}.Release|Any CPU.Deploy.0 = Release|x86
		{9493A568-AA42-4ED2-8B11-A772A091D188}.Release|ARM.ActiveCfg = Release|ARM
		{9493A568-AA42-4ED2-8B11-A772A091D188}.Release|ARM.Build.0 = Release|ARM
		{9493A568-AA42-4ED2-8B11-A772A091D188}.Release|ARM.Deploy.0 = Release|ARM
		{9493A568-AA42-4ED2-8B11-A772A091D188}.Release|x64.ActiveCfg = Release|x64
		{9493A568-AA42-4ED2-8B11-A772A091D188}.Release|x64.Build.0 = Release|x64
		{9493A568-AA42-4ED2-8B11-A772A091D188}.Release|x64.Deploy.0 = Release|x64
		{9493A568-AA42-4ED2-8B11-A772A091D188}.Release|x86.ActiveCfg = Release|x86
		{9493A568-AA42-4ED2-8B11-A772A091D188}.Release|x86.Build.0 = Release|x86
		{9493A568-AA42-4ED2-8B11-A772A091D188}.Release|x86.Deploy.0 = Release|x86
		{248AF8EB-0449-4FCF-9B57-DD543B196761}.Debug|Any CPU.ActiveCfg = Debug|Any CPU
		{248AF8EB-0449-4FCF-9B57-DD543B196761}.Debug|Any CPU.Build.0 = Debug|Any CPU
		{248AF8EB-0449-4FCF-9B57-DD543B196761}.Debug|ARM.ActiveCfg = Debug|ARM
		{248AF8EB-0449-4FCF-9B57-DD543B196761}.Debug|ARM.Build.0 = Debug|ARM
		{248AF8EB-0449-4FCF-9B57-DD543B196761}.Debug|x64.ActiveCfg = Debug|x64
		{248AF8EB-0449-4FCF-9B57-DD543B196761}.Debug|x64.Build.0 = Debug|x64
		{248AF8EB-0449-4FCF-9B57-DD543B196761}.Debug|x86.ActiveCfg = Debug|x86
		{248AF8EB-0449-4FCF-9B57-DD543B196761}.Debug|x86.Build.0 = Debug|x86
		{248AF8EB-0449-4FCF-9B57-DD543B196761}.Release|Any CPU.ActiveCfg = Release|Any CPU
		{248AF8EB-0449-4FCF-9B57-DD543B196761}.Release|Any CPU.Build.0 = Release|Any CPU
		{248AF8EB-0449-4FCF-9B57-DD543B196761}.Release|ARM.ActiveCfg = Release|ARM
		{248AF8EB-0449-4FCF-9B57-DD543B196761}.Release|ARM.Build.0 = Release|ARM
		{248AF8EB-0449-4FCF-9B57-DD543B196761}.Release|x64.ActiveCfg = Release|x64
		{248AF8EB-0449-4FCF-9B57-DD543B196761}.Release|x64.Build.0 = Release|x64
		{248AF8EB-0449-4FCF-9B57-DD543B196761}.Release|x86.ActiveCfg = Release|x86
		{248AF8EB-0449-4FCF-9B57-DD543B196761}.Release|x86.Build.0 = Release|x86
		{7B587D62-0A0E-4436-A8E1-DDD2D36B9C83}.Debug|Any CPU.ActiveCfg = Debug|Any CPU
		{7B587D62-0A0E-4436-A8E1-DDD2D36B9C83}.Debug|Any CPU.Build.0 = Debug|Any CPU
		{7B587D62-0A0E-4436-A8E1-DDD2D36B9C83}.Debug|ARM.ActiveCfg = Debug|ARM
		{7B587D62-0A0E-4436-A8E1-DDD2D36B9C83}.Debug|ARM.Build.0 = Debug|ARM
		{7B587D62-0A0E-4436-A8E1-DDD2D36B9C83}.Debug|x64.ActiveCfg = Debug|x64
		{7B587D62-0A0E-4436-A8E1-DDD2D36B9C83}.Debug|x64.Build.0 = Debug|x64
		{7B587D62-0A0E-4436-A8E1-DDD2D36B9C83}.Debug|x86.ActiveCfg = Debug|x86
		{7B587D62-0A0E-4436-A8E1-DDD2D36B9C83}.Debug|x86.Build.0 = Debug|x86
		{7B587D62-0A0E-4436-A8E1-DDD2D36B9C83}.Release|Any CPU.ActiveCfg = Release|Any CPU
		{7B587D62-0A0E-4436-A8E1-DDD2D36B9C83}.Release|Any CPU.Build.0 = Release|Any CPU
		{7B587D62-0A0E-4436-A8E1-DDD2D36B9C83}.Release|ARM.ActiveCfg = Release|ARM
		{7B587D62-0A0E-4436-A8E1-DDD2D36B9C83}.Release|ARM.Build.0 = Release|ARM
		{7B587D62-0A0E-4436-A8E1-DDD2D36B9C83}.Release|x64.ActiveCfg = Release|x64
		{7B587D62-0A0E-4436-A8E1-DDD2D36B9C83}.Release|x64.Build.0 = Release|x64
		{7B587D62-0A0E-4436-A8E1-DDD2D36B9C83}.Release|x86.ActiveCfg = Release|x86
		{7B587D62-0A0E-4436-A8E1-DDD2D36B9C83}.Release|x86.Build.0 = Release|x86
		{E45155C4-5E1F-40E3-B054-8142BA7EAEFB}.Debug|Any CPU.ActiveCfg = Debug|Any CPU
		{E45155C4-5E1F-40E3-B054-8142BA7EAEFB}.Debug|Any CPU.Build.0 = Debug|Any CPU
		{E45155C4-5E1F-40E3-B054-8142BA7EAEFB}.Debug|ARM.ActiveCfg = Debug|Any CPU
		{E45155C4-5E1F-40E3-B054-8142BA7EAEFB}.Debug|ARM.Build.0 = Debug|Any CPU
		{E45155C4-5E1F-40E3-B054-8142BA7EAEFB}.Debug|x64.ActiveCfg = Debug|Any CPU
		{E45155C4-5E1F-40E3-B054-8142BA7EAEFB}.Debug|x64.Build.0 = Debug|Any CPU
		{E45155C4-5E1F-40E3-B054-8142BA7EAEFB}.Debug|x86.ActiveCfg = Debug|Any CPU
		{E45155C4-5E1F-40E3-B054-8142BA7EAEFB}.Debug|x86.Build.0 = Debug|Any CPU
		{E45155C4-5E1F-40E3-B054-8142BA7EAEFB}.Release|Any CPU.ActiveCfg = Release|Any CPU
		{E45155C4-5E1F-40E3-B054-8142BA7EAEFB}.Release|Any CPU.Build.0 = Release|Any CPU
		{E45155C4-5E1F-40E3-B054-8142BA7EAEFB}.Release|ARM.ActiveCfg = Release|Any CPU
		{E45155C4-5E1F-40E3-B054-8142BA7EAEFB}.Release|ARM.Build.0 = Release|Any CPU
		{E45155C4-5E1F-40E3-B054-8142BA7EAEFB}.Release|x64.ActiveCfg = Release|Any CPU
		{E45155C4-5E1F-40E3-B054-8142BA7EAEFB}.Release|x64.Build.0 = Release|Any CPU
		{E45155C4-5E1F-40E3-B054-8142BA7EAEFB}.Release|x86.ActiveCfg = Release|Any CPU
		{E45155C4-5E1F-40E3-B054-8142BA7EAEFB}.Release|x86.Build.0 = Release|Any CPU
		{78BF2EA6-7F31-44F8-92AF-3D37DA9F8CE9}.Debug|Any CPU.ActiveCfg = Debug|Any CPU
		{78BF2EA6-7F31-44F8-92AF-3D37DA9F8CE9}.Debug|Any CPU.Build.0 = Debug|Any CPU
		{78BF2EA6-7F31-44F8-92AF-3D37DA9F8CE9}.Debug|ARM.ActiveCfg = Debug|Any CPU
		{78BF2EA6-7F31-44F8-92AF-3D37DA9F8CE9}.Debug|ARM.Build.0 = Debug|Any CPU
		{78BF2EA6-7F31-44F8-92AF-3D37DA9F8CE9}.Debug|x64.ActiveCfg = Debug|Any CPU
		{78BF2EA6-7F31-44F8-92AF-3D37DA9F8CE9}.Debug|x64.Build.0 = Debug|Any CPU
		{78BF2EA6-7F31-44F8-92AF-3D37DA9F8CE9}.Debug|x86.ActiveCfg = Debug|Any CPU
		{78BF2EA6-7F31-44F8-92AF-3D37DA9F8CE9}.Debug|x86.Build.0 = Debug|Any CPU
		{78BF2EA6-7F31-44F8-92AF-3D37DA9F8CE9}.Release|Any CPU.ActiveCfg = Release|Any CPU
		{78BF2EA6-7F31-44F8-92AF-3D37DA9F8CE9}.Release|Any CPU.Build.0 = Release|Any CPU
		{78BF2EA6-7F31-44F8-92AF-3D37DA9F8CE9}.Release|ARM.ActiveCfg = Release|Any CPU
		{78BF2EA6-7F31-44F8-92AF-3D37DA9F8CE9}.Release|ARM.Build.0 = Release|Any CPU
		{78BF2EA6-7F31-44F8-92AF-3D37DA9F8CE9}.Release|x64.ActiveCfg = Release|Any CPU
		{78BF2EA6-7F31-44F8-92AF-3D37DA9F8CE9}.Release|x64.Build.0 = Release|Any CPU
		{78BF2EA6-7F31-44F8-92AF-3D37DA9F8CE9}.Release|x86.ActiveCfg = Release|Any CPU
		{78BF2EA6-7F31-44F8-92AF-3D37DA9F8CE9}.Release|x86.Build.0 = Release|Any CPU
	EndGlobalSection
	GlobalSection(SolutionProperties) = preSolution
		HideSolutionNode = FALSE
	EndGlobalSection
EndGlobal
